<?xml version="1.0" encoding="utf-8"?>
<Project ToolsVersion="4.0" xmlns="http://schemas.microsoft.com/developer/msbuild/2003">
  <ItemGroup>
    <ClInclude Include="src\binary\binary.h" />
    <ClInclude Include="src\container\heap-array.h" />
    <ClInclude Include="src\lang-utils.h" />
    <ClInclude Include="src\array-ref.h" />
    <ClInclude Include="src\arena.h" />
    <ClInclude Include="src\text\format.h" />
    <ClInclude Include="src\text\text-utils.h" />
    <ClInclude Include="src\ext\type-utils.h" />
    <ClInclude Include="src\binary\bit-ops.h" />
    <ClInclude Include="src\ptr-arithmetic.h" />
    <ClInclude Include="src\compression\lzw.h" />
    <ClInclude Include="src\container\flat-set.h" />
  </ItemGroup>
</Project>